{
  "name": "tutorial",
  "version": "1.0.0",
  "lockfileVersion": 1,
  "requires": true,
  "dependencies": {
    "chance": {
      "version": "1.0.11",
      "resolved": "https://registry.npmjs.org/chance/-/chance-1.0.11.tgz",
      "integrity": "sha512-PK8Zmz6kJAkwwJuiTZvjcFX11/H+BvVd2r8dnHrDRXmOLoUHh4Hxiv+YyYTcT7sdFzP9LhMS3O3C/7f+7gSQ2g=="
    }
  }
}
